{
  "requires": true,
  "lockfileVersion": 1,
  "dependencies": {
    "@babel/runtime": {
      "version": "7.13.10",
      "resolved": "https://registry.npmjs.org/@babel/runtime/-/runtime-7.13.10.tgz",
      "integrity": "sha512-4QPkjJq6Ns3V/RgpEahRk+AGfL0eO6RHHtTWoNNr5mO49G6B5+X6d6THgWEAvTrznU5xYpbAlVKRYcsCgh/Akw==",
      "requires": {
        "regenerator-runtime": "^0.13.4"
      }
    },
    "classnames": {
      "version": "2.3.1",
      "resolved": "https://registry.npmjs.org/classnames/-/classnames-2.3.1.tgz",
      "integrity": "sha512-OlQdbZ7gLfGarSqxesMesDa5uz7KFbID8Kpq/SxIoNGDqY8lSYs0D+hhtBXhcdB3rcbXArFr7vlHheLk1voeNA=="
    },
    "deep-freeze": {
      "version": "0.0.1",
      "resolved": "https://registry.npmjs.org/deep-freeze/-/deep-freeze-0.0.1.tgz",
      "integrity": "sha1-OgsABd4YZygZ39OM0x+RF5yJPoQ="
    },
    "deepmerge": {
      "version": "2.2.1",
      "resolved": "https://registry.npmjs.org/deepmerge/-/deepmerge-2.2.1.tgz",
      "integrity": "sha512-R9hc1Xa/NOBi9WRVUWg19rl1UB7Tt4kuPd+thNJgFZoxXsTz7ncaPaeIm+40oSGuP33DfMb4sZt1QIGiJzC4EA=="
    },
    "equals": {
      "version": "1.0.5",
      "resolved": "https://registry.npmjs.org/equals/-/equals-1.0.5.tgz",
      "integrity": "sha1-ISBi3eXhpRDZVfE1mO/MamIbas4=",
      "requires": {
        "jkroso-type": "1"
      }
    },
    "jkroso-type": {
      "version": "1.1.1",
      "resolved": "https://registry.npmjs.org/jkroso-type/-/jkroso-type-1.1.1.tgz",
      "integrity": "sha1-vEztbWxF/gdFKCuvyGqfjE/JzmE="
    },
    "js-tokens": {
      "version": "4.0.0",
      "resolved": "https://registry.npmjs.org/js-tokens/-/js-tokens-4.0.0.tgz",
      "integrity": "sha512-RdJUflcE3cUzKiMqQgsCu06FPu9UdIJO0beYbPhHN4k6apgJtifcoCtT9bcxOpYBtpD2kCM6Sbzg4CausW/PKQ=="
    },
    "loose-envify": {
      "version": "1.4.0",
      "resolved": "https://registry.npmjs.org/loose-envify/-/loose-envify-1.4.0.tgz",
      "integrity": "sha512-lyuxPGr/Wfhrlem2CL/UcnUc1zcqKAImBDzukY7Y5F/yQiNdko6+fRLevlw1HgMySw7f611UIY408EtxRSoK3Q==",
      "requires": {
        "js-tokens": "^3.0.0 || ^4.0.0"
      }
    },
    "object-assign": {
      "version": "4.1.1",
      "resolved": "https://registry.npmjs.org/object-assign/-/object-assign-4.1.1.tgz",
      "integrity": "sha1-IQmtx5ZYh8/AXLvUQsrIv7s2CGM="
    },
    "prop-types": {
      "version": "15.7.2",
      "resolved": "https://registry.npmjs.org/prop-types/-/prop-types-15.7.2.tgz",
      "integrity": "sha512-8QQikdH7//R2vurIJSutZ1smHYTcLpRWEOlHnzcWHmBYrOGUysKwSsrC89BCiFj3CbrfJ/nXFdJepOVrY1GCHQ==",
      "requires": {
        "loose-envify": "^1.4.0",
        "object-assign": "^4.1.1",
        "react-is": "^16.8.1"
      }
    },
    "pure-react-carousel": {
      "version": "1.27.6",
      "resolved": "https://registry.npmjs.org/pure-react-carousel/-/pure-react-carousel-1.27.6.tgz",
      "integrity": "sha512-k5ueXSL2Of4OyyfoJJwAJ0X3VY0n7pYfuamq+hMTYNV7eEF1iNrPVsjvmpTtMjaKsLyM6SkmSpP2XWQcvaFIGw==",
      "requires": {
        "@babel/runtime": "^7.5.5",
        "deep-freeze": "0.0.1",
        "deepmerge": "^2.2.1",
        "equals": "^1.0.5",
        "prop-types": "^15.6.2"
      }
    },
    "react-easy-swipe": {
      "version": "0.0.21",
      "resolved": "https://registry.npmjs.org/react-easy-swipe/-/react-easy-swipe-0.0.21.tgz",
      "integrity": "sha512-OeR2jAxdoqUMHIn/nS9fgreI5hSpgGoL5ezdal4+oO7YSSgJR8ga+PkYGJrSrJ9MKlPcQjMQXnketrD7WNmNsg==",
      "requires": {
        "prop-types": "^15.5.8"
      }
    },
    "react-is": {
      "version": "16.13.1",
      "resolved": "https://registry.npmjs.org/react-is/-/react-is-16.13.1.tgz",
      "integrity": "sha512-24e6ynE2H+OKt4kqsOvNd8kBpV65zoxbA4BVsEOB3ARVWQki/DHzaUoC5KuON/BiccDaCCTZBuOcfZs70kR8bQ=="
    },
    "react-responsive-carousel": {
      "version": "3.2.18",
      "resolved": "https://registry.npmjs.org/react-responsive-carousel/-/react-responsive-carousel-3.2.18.tgz",
      "integrity": "sha512-A6eXp/HofjZ8p23Q/b25dqtokHFFXKhKKn82ZJkCI0edxjtAUid8SImr8rHp0rRi9aEYXej3ynWOzaUHFE4RKA==",
      "requires": {
        "classnames": "^2.2.5",
        "prop-types": "^15.5.8",
        "react-easy-swipe": "^0.0.21"
      }
    },
    "regenerator-runtime": {
      "version": "0.13.7",
      "resolved": "https://registry.npmjs.org/regenerator-runtime/-/regenerator-runtime-0.13.7.tgz",
      "integrity": "sha512-a54FxoJDIr27pgf7IgeQGxmqUNYrcV338lf/6gH456HZ/PhX+5BcwHXG9ajESmwe6WRO0tAzRUrRmNONWgkrew=="
    }
  }
}
